
Microsoft Visual Studio Solution File, Format Version 12.00
# Visual Studio Version 17
VisualStudioVersion = 17.6.33801.468
MinimumVisualStudioVersion = 10.0.40219.1
Project("{9A19103F-16F7-4668-BE54-9A1E7A4F7556}") = "Defra.Trade.ReMoS.AssuranceService.Rejections", "src\Defra.Trade.ReMoS.AssuranceService.Rejections\Defra.Trade.ReMoS.AssuranceService.Rejections.csproj", "{B8BC4F5D-FB0B-4BF5-BEBF-B146C48DEA42}"
EndProject
Project("{9A19103F-16F7-4668-BE54-9A1E7A4F7556}") = "Defra.Trade.ReMoS.AssuranceService.Rejections.Domain", "src\Defra.Trade.ReMoS.AssuranceService.Rejections.Domain\Defra.Trade.ReMoS.AssuranceService.Rejections.Domain.csproj", "{097019E3-3575-4476-99E6-B34015C0F2BC}"
EndProject
Global
	GlobalSection(SolutionConfigurationPlatforms) = preSolution
		Debug|Any CPU = Debug|Any CPU
		Release|Any CPU = Release|Any CPU
	EndGlobalSection
	GlobalSection(ProjectConfigurationPlatforms) = postSolution
		{B8BC4F5D-FB0B-4BF5-BEBF-B146C48DEA42}.Debug|Any CPU.ActiveCfg = Debug|Any CPU
		{B8BC4F5D-FB0B-4BF5-BEBF-B146C48DEA42}.Debug|Any CPU.Build.0 = Debug|Any CPU
		{B8BC4F5D-FB0B-4BF5-BEBF-B146C48DEA42}.Release|Any CPU.ActiveCfg = Release|Any CPU
		{B8BC4F5D-FB0B-4BF5-BEBF-B146C48DEA42}.Release|Any CPU.Build.0 = Release|Any CPU
		{097019E3-3575-4476-99E6-B34015C0F2BC}.Debug|Any CPU.ActiveCfg = Debug|Any CPU
		{097019E3-3575-4476-99E6-B34015C0F2BC}.Debug|Any CPU.Build.0 = Debug|Any CPU
		{097019E3-3575-4476-99E6-B34015C0F2BC}.Release|Any CPU.ActiveCfg = Release|Any CPU
		{097019E3-3575-4476-99E6-B34015C0F2BC}.Release|Any CPU.Build.0 = Release|Any CPU
	EndGlobalSection
	GlobalSection(SolutionProperties) = preSolution
		HideSolutionNode = FALSE
	EndGlobalSection
	GlobalSection(ExtensibilityGlobals) = postSolution
		SolutionGuid = {0EB37822-4038-4A28-8BFE-B2140634EB4C}
	EndGlobalSection
EndGlobal
